
Microsoft Visual Studio Solution File, Format Version 12.00
# Visual Studio Version 17
VisualStudioVersion = 17.9.34728.123
MinimumVisualStudioVersion = 10.0.40219.1
Project("{FAE04EC0-301F-11D3-BF4B-00C04F79EFBC}") = "MembrosEstaticos", "MembrosEstaticos\MembrosEstaticos.csproj", "{AF4E76EE-42E0-4972-8458-BFDCF97FDAD5}"
EndProject
Global
	GlobalSection(SolutionConfigurationPlatforms) = preSolution
		Debug|Any CPU = Debug|Any CPU
		Release|Any CPU = Release|Any CPU
	EndGlobalSection
	GlobalSection(ProjectConfigurationPlatforms) = postSolution
		{AF4E76EE-42E0-4972-8458-BFDCF97FDAD5}.Debug|Any CPU.ActiveCfg = Debug|Any CPU
		{AF4E76EE-42E0-4972-8458-BFDCF97FDAD5}.Debug|Any CPU.Build.0 = Debug|Any CPU
		{AF4E76EE-42E0-4972-8458-BFDCF97FDAD5}.Release|Any CPU.ActiveCfg = Release|Any CPU
		{AF4E76EE-42E0-4972-8458-BFDCF97FDAD5}.Release|Any CPU.Build.0 = Release|Any CPU
	EndGlobalSection
	GlobalSection(SolutionProperties) = preSolution
		HideSolutionNode = FALSE
	EndGlobalSection
	GlobalSection(ExtensibilityGlobals) = postSolution
		SolutionGuid = {38284497-669B-4CAD-AF63-FE0EAAFE97F1}
	EndGlobalSection
EndGlobal
