
Microsoft Visual Studio Solution File, Format Version 12.00
# Visual Studio Version 17
VisualStudioVersion = 17.9.34728.123
MinimumVisualStudioVersion = 10.0.40219.1
Project("{FAE04EC0-301F-11D3-BF4B-00C04F79EFBC}") = "Exercicio2", "Exercicio2\Exercicio2.csproj", "{D6171A75-E1B1-4A60-B2D0-D178BF5916EF}"
EndProject
Global
	GlobalSection(SolutionConfigurationPlatforms) = preSolution
		Debug|Any CPU = Debug|Any CPU
		Release|Any CPU = Release|Any CPU
	EndGlobalSection
	GlobalSection(ProjectConfigurationPlatforms) = postSolution
		{D6171A75-E1B1-4A60-B2D0-D178BF5916EF}.Debug|Any CPU.ActiveCfg = Debug|Any CPU
		{D6171A75-E1B1-4A60-B2D0-D178BF5916EF}.Debug|Any CPU.Build.0 = Debug|Any CPU
		{D6171A75-E1B1-4A60-B2D0-D178BF5916EF}.Release|Any CPU.ActiveCfg = Release|Any CPU
		{D6171A75-E1B1-4A60-B2D0-D178BF5916EF}.Release|Any CPU.Build.0 = Release|Any CPU
	EndGlobalSection
	GlobalSection(SolutionProperties) = preSolution
		HideSolutionNode = FALSE
	EndGlobalSection
	GlobalSection(ExtensibilityGlobals) = postSolution
		SolutionGuid = {5351401C-0F5D-42DB-8B9E-3B6793FF3165}
	EndGlobalSection
EndGlobal
