
Microsoft Visual Studio Solution File, Format Version 12.00
# Visual Studio Version 17
VisualStudioVersion = 17.9.34728.123
MinimumVisualStudioVersion = 10.0.40219.1
Project("{FAE04EC0-301F-11D3-BF4B-00C04F79EFBC}") = "Course", "Course\Course.csproj", "{83C44D2D-1C7E-42D7-9E80-EB3486364AFE}"
EndProject
Global
	GlobalSection(SolutionConfigurationPlatforms) = preSolution
		Debug|Any CPU = Debug|Any CPU
		Release|Any CPU = Release|Any CPU
	EndGlobalSection
	GlobalSection(ProjectConfigurationPlatforms) = postSolution
		{83C44D2D-1C7E-42D7-9E80-EB3486364AFE}.Debug|Any CPU.ActiveCfg = Debug|Any CPU
		{83C44D2D-1C7E-42D7-9E80-EB3486364AFE}.Debug|Any CPU.Build.0 = Debug|Any CPU
		{83C44D2D-1C7E-42D7-9E80-EB3486364AFE}.Release|Any CPU.ActiveCfg = Release|Any CPU
		{83C44D2D-1C7E-42D7-9E80-EB3486364AFE}.Release|Any CPU.Build.0 = Release|Any CPU
	EndGlobalSection
	GlobalSection(SolutionProperties) = preSolution
		HideSolutionNode = FALSE
	EndGlobalSection
	GlobalSection(ExtensibilityGlobals) = postSolution
		SolutionGuid = {8C87EB96-9CC2-4754-9FEF-8124EA81FAEE}
	EndGlobalSection
EndGlobal
