
Microsoft Visual Studio Solution File, Format Version 12.00
# Visual Studio Version 17
VisualStudioVersion = 17.9.34728.123
MinimumVisualStudioVersion = 10.0.40219.1
Project("{FAE04EC0-301F-11D3-BF4B-00C04F79EFBC}") = "Sobrecarga", "Sobrecarga\Sobrecarga.csproj", "{F187913B-743C-4CC9-AC3D-2546856BDAE5}"
EndProject
Global
	GlobalSection(SolutionConfigurationPlatforms) = preSolution
		Debug|Any CPU = Debug|Any CPU
		Release|Any CPU = Release|Any CPU
	EndGlobalSection
	GlobalSection(ProjectConfigurationPlatforms) = postSolution
		{F187913B-743C-4CC9-AC3D-2546856BDAE5}.Debug|Any CPU.ActiveCfg = Debug|Any CPU
		{F187913B-743C-4CC9-AC3D-2546856BDAE5}.Debug|Any CPU.Build.0 = Debug|Any CPU
		{F187913B-743C-4CC9-AC3D-2546856BDAE5}.Release|Any CPU.ActiveCfg = Release|Any CPU
		{F187913B-743C-4CC9-AC3D-2546856BDAE5}.Release|Any CPU.Build.0 = Release|Any CPU
	EndGlobalSection
	GlobalSection(SolutionProperties) = preSolution
		HideSolutionNode = FALSE
	EndGlobalSection
	GlobalSection(ExtensibilityGlobals) = postSolution
		SolutionGuid = {7449C9E5-D930-4C0F-B5F9-11EC02C7FD5F}
	EndGlobalSection
EndGlobal
