
Microsoft Visual Studio Solution File, Format Version 12.00
# Visual Studio Version 17
VisualStudioVersion = 17.9.34728.123
MinimumVisualStudioVersion = 10.0.40219.1
Project("{FAE04EC0-301F-11D3-BF4B-00C04F79EFBC}") = "NumerosImpares", "NumerosImpares\NumerosImpares.csproj", "{8DEF9B94-2AAF-46B0-B491-69C62BDA586F}"
EndProject
Global
	GlobalSection(SolutionConfigurationPlatforms) = preSolution
		Debug|Any CPU = Debug|Any CPU
		Release|Any CPU = Release|Any CPU
	EndGlobalSection
	GlobalSection(ProjectConfigurationPlatforms) = postSolution
		{8DEF9B94-2AAF-46B0-B491-69C62BDA586F}.Debug|Any CPU.ActiveCfg = Debug|Any CPU
		{8DEF9B94-2AAF-46B0-B491-69C62BDA586F}.Debug|Any CPU.Build.0 = Debug|Any CPU
		{8DEF9B94-2AAF-46B0-B491-69C62BDA586F}.Release|Any CPU.ActiveCfg = Release|Any CPU
		{8DEF9B94-2AAF-46B0-B491-69C62BDA586F}.Release|Any CPU.Build.0 = Release|Any CPU
	EndGlobalSection
	GlobalSection(SolutionProperties) = preSolution
		HideSolutionNode = FALSE
	EndGlobalSection
	GlobalSection(ExtensibilityGlobals) = postSolution
		SolutionGuid = {098E7590-8ABB-4EDB-BC60-EAFA78724903}
	EndGlobalSection
EndGlobal
