
Microsoft Visual Studio Solution File, Format Version 12.00
# Visual Studio Version 17
VisualStudioVersion = 17.9.34728.123
MinimumVisualStudioVersion = 10.0.40219.1
Project("{FAE04EC0-301F-11D3-BF4B-00C04F79EFBC}") = "Exercicio01", "Exercicio01\Exercicio01.csproj", "{78C9F015-844C-4A46-9D4D-3962402D6678}"
EndProject
Global
	GlobalSection(SolutionConfigurationPlatforms) = preSolution
		Debug|Any CPU = Debug|Any CPU
		Release|Any CPU = Release|Any CPU
	EndGlobalSection
	GlobalSection(ProjectConfigurationPlatforms) = postSolution
		{78C9F015-844C-4A46-9D4D-3962402D6678}.Debug|Any CPU.ActiveCfg = Debug|Any CPU
		{78C9F015-844C-4A46-9D4D-3962402D6678}.Debug|Any CPU.Build.0 = Debug|Any CPU
		{78C9F015-844C-4A46-9D4D-3962402D6678}.Release|Any CPU.ActiveCfg = Release|Any CPU
		{78C9F015-844C-4A46-9D4D-3962402D6678}.Release|Any CPU.Build.0 = Release|Any CPU
	EndGlobalSection
	GlobalSection(SolutionProperties) = preSolution
		HideSolutionNode = FALSE
	EndGlobalSection
	GlobalSection(ExtensibilityGlobals) = postSolution
		SolutionGuid = {9C3D7995-6CDF-42E2-B7BC-57FF68F8D201}
	EndGlobalSection
EndGlobal
