
Microsoft Visual Studio Solution File, Format Version 12.00
# Visual Studio Version 17
VisualStudioVersion = 17.9.34728.123
MinimumVisualStudioVersion = 10.0.40219.1
Project("{FAE04EC0-301F-11D3-BF4B-00C04F79EFBC}") = "TempoDeJogo", "TempoDeJogo\TempoDeJogo.csproj", "{9040FBDF-A591-4FC2-9638-02CFCECBF5EE}"
EndProject
Global
	GlobalSection(SolutionConfigurationPlatforms) = preSolution
		Debug|Any CPU = Debug|Any CPU
		Release|Any CPU = Release|Any CPU
	EndGlobalSection
	GlobalSection(ProjectConfigurationPlatforms) = postSolution
		{9040FBDF-A591-4FC2-9638-02CFCECBF5EE}.Debug|Any CPU.ActiveCfg = Debug|Any CPU
		{9040FBDF-A591-4FC2-9638-02CFCECBF5EE}.Debug|Any CPU.Build.0 = Debug|Any CPU
		{9040FBDF-A591-4FC2-9638-02CFCECBF5EE}.Release|Any CPU.ActiveCfg = Release|Any CPU
		{9040FBDF-A591-4FC2-9638-02CFCECBF5EE}.Release|Any CPU.Build.0 = Release|Any CPU
	EndGlobalSection
	GlobalSection(SolutionProperties) = preSolution
		HideSolutionNode = FALSE
	EndGlobalSection
	GlobalSection(ExtensibilityGlobals) = postSolution
		SolutionGuid = {EAF8854F-2675-4D98-ADDF-FFD30CC1BB8C}
	EndGlobalSection
EndGlobal
