
Microsoft Visual Studio Solution File, Format Version 12.00
# Visual Studio Version 17
VisualStudioVersion = 17.9.34728.123
MinimumVisualStudioVersion = 10.0.40219.1
Project("{FAE04EC0-301F-11D3-BF4B-00C04F79EFBC}") = "ExercicioEncapsulamento", "ExercicioEncapsulamento\ExercicioEncapsulamento.csproj", "{6E278AF9-B2F3-4E36-80E7-6992E477BE27}"
EndProject
Global
	GlobalSection(SolutionConfigurationPlatforms) = preSolution
		Debug|Any CPU = Debug|Any CPU
		Release|Any CPU = Release|Any CPU
	EndGlobalSection
	GlobalSection(ProjectConfigurationPlatforms) = postSolution
		{6E278AF9-B2F3-4E36-80E7-6992E477BE27}.Debug|Any CPU.ActiveCfg = Debug|Any CPU
		{6E278AF9-B2F3-4E36-80E7-6992E477BE27}.Debug|Any CPU.Build.0 = Debug|Any CPU
		{6E278AF9-B2F3-4E36-80E7-6992E477BE27}.Release|Any CPU.ActiveCfg = Release|Any CPU
		{6E278AF9-B2F3-4E36-80E7-6992E477BE27}.Release|Any CPU.Build.0 = Release|Any CPU
	EndGlobalSection
	GlobalSection(SolutionProperties) = preSolution
		HideSolutionNode = FALSE
	EndGlobalSection
	GlobalSection(ExtensibilityGlobals) = postSolution
		SolutionGuid = {97E0A2D2-559E-4A6E-ACCA-27E71B9E035C}
	EndGlobalSection
EndGlobal
