
Microsoft Visual Studio Solution File, Format Version 12.00
# Visual Studio Version 17
VisualStudioVersion = 17.9.34728.123
MinimumVisualStudioVersion = 10.0.40219.1
Project("{FAE04EC0-301F-11D3-BF4B-00C04F79EFBC}") = "Vetores2", "Vetores2\Vetores2.csproj", "{5B45F406-1D66-4F91-831C-85F2A7357162}"
EndProject
Global
	GlobalSection(SolutionConfigurationPlatforms) = preSolution
		Debug|Any CPU = Debug|Any CPU
		Release|Any CPU = Release|Any CPU
	EndGlobalSection
	GlobalSection(ProjectConfigurationPlatforms) = postSolution
		{5B45F406-1D66-4F91-831C-85F2A7357162}.Debug|Any CPU.ActiveCfg = Debug|Any CPU
		{5B45F406-1D66-4F91-831C-85F2A7357162}.Debug|Any CPU.Build.0 = Debug|Any CPU
		{5B45F406-1D66-4F91-831C-85F2A7357162}.Release|Any CPU.ActiveCfg = Release|Any CPU
		{5B45F406-1D66-4F91-831C-85F2A7357162}.Release|Any CPU.Build.0 = Release|Any CPU
	EndGlobalSection
	GlobalSection(SolutionProperties) = preSolution
		HideSolutionNode = FALSE
	EndGlobalSection
	GlobalSection(ExtensibilityGlobals) = postSolution
		SolutionGuid = {AB9A942A-FF3E-4208-ABE5-DEF66402B197}
	EndGlobalSection
EndGlobal
