
Microsoft Visual Studio Solution File, Format Version 12.00
# Visual Studio Version 17
VisualStudioVersion = 17.9.34728.123
MinimumVisualStudioVersion = 10.0.40219.1
Project("{FAE04EC0-301F-11D3-BF4B-00C04F79EFBC}") = "EncapsulamentoAutoProperties", "EncapsulamentoAutoProperties\EncapsulamentoAutoProperties.csproj", "{F11BE883-EFB0-47FB-B03D-74832247D8BF}"
EndProject
Global
	GlobalSection(SolutionConfigurationPlatforms) = preSolution
		Debug|Any CPU = Debug|Any CPU
		Release|Any CPU = Release|Any CPU
	EndGlobalSection
	GlobalSection(ProjectConfigurationPlatforms) = postSolution
		{F11BE883-EFB0-47FB-B03D-74832247D8BF}.Debug|Any CPU.ActiveCfg = Debug|Any CPU
		{F11BE883-EFB0-47FB-B03D-74832247D8BF}.Debug|Any CPU.Build.0 = Debug|Any CPU
		{F11BE883-EFB0-47FB-B03D-74832247D8BF}.Release|Any CPU.ActiveCfg = Release|Any CPU
		{F11BE883-EFB0-47FB-B03D-74832247D8BF}.Release|Any CPU.Build.0 = Release|Any CPU
	EndGlobalSection
	GlobalSection(SolutionProperties) = preSolution
		HideSolutionNode = FALSE
	EndGlobalSection
	GlobalSection(ExtensibilityGlobals) = postSolution
		SolutionGuid = {8FE8BB8D-4614-4F90-94D4-70A913A2E9A8}
	EndGlobalSection
EndGlobal
