
Microsoft Visual Studio Solution File, Format Version 12.00
# Visual Studio Version 17
VisualStudioVersion = 17.9.34728.123
MinimumVisualStudioVersion = 10.0.40219.1
Project("{FAE04EC0-301F-11D3-BF4B-00C04F79EFBC}") = "EncapsulamentoProperties", "EncapsulamentoProperties\EncapsulamentoProperties.csproj", "{A377DF5B-62DD-4F45-978A-D278AA37585D}"
EndProject
Global
	GlobalSection(SolutionConfigurationPlatforms) = preSolution
		Debug|Any CPU = Debug|Any CPU
		Release|Any CPU = Release|Any CPU
	EndGlobalSection
	GlobalSection(ProjectConfigurationPlatforms) = postSolution
		{A377DF5B-62DD-4F45-978A-D278AA37585D}.Debug|Any CPU.ActiveCfg = Debug|Any CPU
		{A377DF5B-62DD-4F45-978A-D278AA37585D}.Debug|Any CPU.Build.0 = Debug|Any CPU
		{A377DF5B-62DD-4F45-978A-D278AA37585D}.Release|Any CPU.ActiveCfg = Release|Any CPU
		{A377DF5B-62DD-4F45-978A-D278AA37585D}.Release|Any CPU.Build.0 = Release|Any CPU
	EndGlobalSection
	GlobalSection(SolutionProperties) = preSolution
		HideSolutionNode = FALSE
	EndGlobalSection
	GlobalSection(ExtensibilityGlobals) = postSolution
		SolutionGuid = {B017F48D-D775-40CA-AD12-D121FBE92593}
	EndGlobalSection
EndGlobal
